// !$*UTF8*$!
{
	archiveVersion = 1;
	classes = {
	};
	objectVersion = 42;
	objects = {

/* Begin PBXFileReference section */
		5929E11013243ECB00B81D2E /* Gemfile */ = {isa = PBXFileReference; fileEncoding = 4; lastKnownFileType = text; path = Gemfile; sourceTree = "<group>"; };
		5929E11113243ECB00B81D2E /* geodict_config.rb */ = {isa = PBXFileReference; fileEncoding = 4; lastKnownFileType = text.script.ruby; path = geodict_config.rb; sourceTree = "<group>"; };
		5929E11213243ECB00B81D2E /* geodict_lib.rb */ = {isa = PBXFileReference; fileEncoding = 4; lastKnownFileType = text.script.ruby; path = geodict_lib.rb; sourceTree = "<group>"; };
		5929E11413243ECB00B81D2E /* gpl.txt */ = {isa = PBXFileReference; fileEncoding = 4; lastKnownFileType = text; path = gpl.txt; sourceTree = "<group>"; };
		5929E11513243ECB00B81D2E /* largetestinput.txt */ = {isa = PBXFileReference; fileEncoding = 4; lastKnownFileType = text; path = largetestinput.txt; sourceTree = "<group>"; };
		5929E11613243ECB00B81D2E /* populate_database.rb */ = {isa = PBXFileReference; fileEncoding = 4; lastKnownFileType = text.script.ruby; path = populate_database.rb; sourceTree = "<group>"; };
		5929E11813243ECB00B81D2E /* testinput.txt */ = {isa = PBXFileReference; fileEncoding = 4; lastKnownFileType = text; path = testinput.txt; sourceTree = "<group>"; };
		5929E11913243F0400B81D2E /* geodict_cli.rb */ = {isa = PBXFileReference; fileEncoding = 4; lastKnownFileType = text.script.ruby; path = geodict_cli.rb; sourceTree = "<group>"; };
		5929E11A13243FB500B81D2E /* geodict_server.rb */ = {isa = PBXFileReference; fileEncoding = 4; lastKnownFileType = text.script.ruby; path = geodict_server.rb; sourceTree = "<group>"; };
		5929E11B13243FBE00B81D2E /* config.ru */ = {isa = PBXFileReference; fileEncoding = 4; lastKnownFileType = text; path = config.ru; sourceTree = "<group>"; };
		5929E14713245CEB00B81D2E /* swift.php */ = {isa = PBXFileReference; fileEncoding = 4; lastKnownFileType = text.script.php; path = swift.php; sourceTree = "<group>"; };
		5929E15B1324616E00B81D2E /* openheatmap.php */ = {isa = PBXFileReference; fileEncoding = 4; lastKnownFileType = text.script.php; path = openheatmap.php; sourceTree = "<group>"; };
		5929E17713246D9400B81D2E /* jumbo.py */ = {isa = PBXFileReference; fileEncoding = 4; lastKnownFileType = text.script.python; path = jumbo.py; sourceTree = "<group>"; };
		5929E1A11324993400B81D2E /* geodict_daemon.rb */ = {isa = PBXFileReference; fileEncoding = 4; lastKnownFileType = text.script.ruby; path = geodict_daemon.rb; sourceTree = "<group>"; };
		5929E1E5132576FA00B81D2E /* readme.asciidoc */ = {isa = PBXFileReference; fileEncoding = 4; lastKnownFileType = text; path = readme.asciidoc; sourceTree = "<group>"; };
		5929E1EA13258B3700B81D2E /* main.css */ = {isa = PBXFileReference; fileEncoding = 4; lastKnownFileType = text.css; path = main.css; sourceTree = "<group>"; };
		5929E1EC13258B3700B81D2E /* textlogo.png */ = {isa = PBXFileReference; lastKnownFileType = image.png; path = textlogo.png; sourceTree = "<group>"; };
		5929E1EE13258B3700B81D2E /* jquery.json.js */ = {isa = PBXFileReference; fileEncoding = 4; lastKnownFileType = sourcecode.javascript; path = jquery.json.js; sourceTree = "<group>"; };
		5929E1EF13258B3700B81D2E /* main.js */ = {isa = PBXFileReference; fileEncoding = 4; lastKnownFileType = sourcecode.javascript; path = main.js; sourceTree = "<group>"; };
		5929E1F113258C0500B81D2E /* about.haml */ = {isa = PBXFileReference; fileEncoding = 4; lastKnownFileType = text; path = about.haml; sourceTree = "<group>"; wrapsLines = 1; };
		5929E1F213258C0500B81D2E /* layout.haml */ = {isa = PBXFileReference; fileEncoding = 4; lastKnownFileType = text; path = layout.haml; sourceTree = "<group>"; };
		5929E1F313258C0500B81D2E /* welcome.haml */ = {isa = PBXFileReference; fileEncoding = 4; lastKnownFileType = text; path = welcome.haml; sourceTree = "<group>"; };
		5929E30C1329AD7900B81D2E /* developerdocs.haml */ = {isa = PBXFileReference; fileEncoding = 4; lastKnownFileType = text; path = developerdocs.haml; sourceTree = "<group>"; wrapsLines = 1; };
/* End PBXFileReference section */

/* Begin PBXGroup section */
		5929E0FE13243EA700B81D2E = {
			isa = PBXGroup;
			children = (
				5929E11B13243FBE00B81D2E /* config.ru */,
				5929E11013243ECB00B81D2E /* Gemfile */,
				5929E11913243F0400B81D2E /* geodict_cli.rb */,
				5929E11113243ECB00B81D2E /* geodict_config.rb */,
				5929E1A11324993400B81D2E /* geodict_daemon.rb */,
				5929E11213243ECB00B81D2E /* geodict_lib.rb */,
				5929E11A13243FB500B81D2E /* geodict_server.rb */,
				5929E11413243ECB00B81D2E /* gpl.txt */,
				5929E11513243ECB00B81D2E /* largetestinput.txt */,
				5929E11613243ECB00B81D2E /* populate_database.rb */,
				5929E1E813258B3700B81D2E /* public */,
				5929E1E5132576FA00B81D2E /* readme.asciidoc */,
				5929E14613245CB200B81D2E /* test_suite */,
				5929E11813243ECB00B81D2E /* testinput.txt */,
				5929E1F013258C0500B81D2E /* views */,
			);
			sourceTree = "<group>";
		};
		5929E14613245CB200B81D2E /* test_suite */ = {
			isa = PBXGroup;
			children = (
				5929E17713246D9400B81D2E /* jumbo.py */,
				5929E15B1324616E00B81D2E /* openheatmap.php */,
				5929E14713245CEB00B81D2E /* swift.php */,
			);
			path = test_suite;
			sourceTree = "<group>";
		};
		5929E1E813258B3700B81D2E /* public */ = {
			isa = PBXGroup;
			children = (
				5929E1E913258B3700B81D2E /* css */,
				5929E1EB13258B3700B81D2E /* images */,
				5929E1ED13258B3700B81D2E /* scripts */,
			);
			path = public;
			sourceTree = "<group>";
		};
		5929E1E913258B3700B81D2E /* css */ = {
			isa = PBXGroup;
			children = (
				5929E1EA13258B3700B81D2E /* main.css */,
			);
			path = css;
			sourceTree = "<group>";
		};
		5929E1EB13258B3700B81D2E /* images */ = {
			isa = PBXGroup;
			children = (
				5929E1EC13258B3700B81D2E /* textlogo.png */,
			);
			path = images;
			sourceTree = "<group>";
		};
		5929E1ED13258B3700B81D2E /* scripts */ = {
			isa = PBXGroup;
			children = (
				5929E1EE13258B3700B81D2E /* jquery.json.js */,
				5929E1EF13258B3700B81D2E /* main.js */,
			);
			path = scripts;
			sourceTree = "<group>";
		};
		5929E1F013258C0500B81D2E /* views */ = {
			isa = PBXGroup;
			children = (
				5929E1F113258C0500B81D2E /* about.haml */,
				5929E30C1329AD7900B81D2E /* developerdocs.haml */,
				5929E1F213258C0500B81D2E /* layout.haml */,
				5929E1F313258C0500B81D2E /* welcome.haml */,
			);
			path = views;
			sourceTree = "<group>";
		};
/* End PBXGroup section */

/* Begin PBXProject section */
		5929E10013243EA700B81D2E /* Project object */ = {
			isa = PBXProject;
			buildConfigurationList = 5929E10313243EA700B81D2E /* Build configuration list for PBXProject "geodictapi" */;
			compatibilityVersion = "Xcode 2.4";
			developmentRegion = English;
			hasScannedForEncodings = 0;
			knownRegions = (
				English,
				Japanese,
				French,
				German,
			);
			mainGroup = 5929E0FE13243EA700B81D2E;
			projectDirPath = "";
			projectRoot = "";
			targets = (
			);
		};
/* End PBXProject section */

/* Begin XCBuildConfiguration section */
		5929E10113243EA700B81D2E /* Debug */ = {
			isa = XCBuildConfiguration;
			buildSettings = {
				COPY_PHASE_STRIP = NO;
			};
			name = Debug;
		};
		5929E10213243EA700B81D2E /* Release */ = {
			isa = XCBuildConfiguration;
			buildSettings = {
				COPY_PHASE_STRIP = YES;
			};
			name = Release;
		};
/* End XCBuildConfiguration section */

/* Begin XCConfigurationList section */
		5929E10313243EA700B81D2E /* Build configuration list for PBXProject "geodictapi" */ = {
			isa = XCConfigurationList;
			buildConfigurations = (
				5929E10113243EA700B81D2E /* Debug */,
				5929E10213243EA700B81D2E /* Release */,
			);
			defaultConfigurationIsVisible = 0;
			defaultConfigurationName = Release;
		};
/* End XCConfigurationList section */
	};
	rootObject = 5929E10013243EA700B81D2E /* Project object */;
}
