// !$*UTF8*$!
{
	archiveVersion = 1;
	classes = {
	};
	objectVersion = 42;
	objects = {

/* Begin PBXFileReference section */
		5900B07B17839F52009B5EC3 /* mit.txt */ = {isa = PBXFileReference; lastKnownFileType = text; path = mit.txt; sourceTree = "<group>"; };
		591BB17E17309BDF0061C1A7 /* text2sentiment.rb */ = {isa = PBXFileReference; lastKnownFileType = text.script.ruby; path = text2sentiment.rb; sourceTree = "<group>"; };
		591BB181173ACA9C0061C1A7 /* coordinates2statistics.rb */ = {isa = PBXFileReference; lastKnownFileType = text.script.ruby; path = coordinates2statistics.rb; sourceTree = "<group>"; };
		591BB18217417EA90061C1A7 /* text2sentiment */ = {isa = PBXFileReference; lastKnownFileType = text.script.sh; name = text2sentiment; path = python/text2sentiment; sourceTree = "<group>"; };
		591BB1831741831B0061C1A7 /* coordinates2statistics */ = {isa = PBXFileReference; lastKnownFileType = text.script.sh; name = coordinates2statistics; path = python/coordinates2statistics; sourceTree = "<group>"; };
		591BB1851742D8C00061C1A7 /* dstk.gemspec */ = {isa = PBXFileReference; lastKnownFileType = text; path = dstk.gemspec; sourceTree = "<group>"; };
		591BB1871742D8C00061C1A7 /* dstk.rb */ = {isa = PBXFileReference; lastKnownFileType = text.script.ruby; path = dstk.rb; sourceTree = "<group>"; };
		591BB1881742F1B60061C1A7 /* rakefile */ = {isa = PBXFileReference; lastKnownFileType = text; path = rakefile; sourceTree = "<group>"; };
		591BB18A1742F1C40061C1A7 /* test_dstk.rb */ = {isa = PBXFileReference; lastKnownFileType = text.script.ruby; path = test_dstk.rb; sourceTree = "<group>"; };
		5929E11013243ECB00B81D2E /* Gemfile */ = {isa = PBXFileReference; fileEncoding = 4; lastKnownFileType = text; path = Gemfile; sourceTree = "<group>"; };
		5929E11213243ECB00B81D2E /* geodict_lib.rb */ = {isa = PBXFileReference; fileEncoding = 4; lastKnownFileType = text.script.ruby; path = geodict_lib.rb; sourceTree = "<group>"; };
		5929E11413243ECB00B81D2E /* gpl.txt */ = {isa = PBXFileReference; fileEncoding = 4; lastKnownFileType = text; path = gpl.txt; sourceTree = "<group>"; };
		5929E11513243ECB00B81D2E /* largetestinput.txt */ = {isa = PBXFileReference; fileEncoding = 4; lastKnownFileType = text; path = largetestinput.txt; sourceTree = "<group>"; };
		5929E11613243ECB00B81D2E /* populate_database.rb */ = {isa = PBXFileReference; fileEncoding = 4; lastKnownFileType = text.script.ruby; path = populate_database.rb; sourceTree = "<group>"; };
		5929E11813243ECB00B81D2E /* testinput.txt */ = {isa = PBXFileReference; fileEncoding = 4; lastKnownFileType = text; path = testinput.txt; sourceTree = "<group>"; };
		5929E11913243F0400B81D2E /* geodict_cli.rb */ = {isa = PBXFileReference; fileEncoding = 4; lastKnownFileType = text.script.ruby; path = geodict_cli.rb; sourceTree = "<group>"; };
		5929E11B13243FBE00B81D2E /* config.ru */ = {isa = PBXFileReference; fileEncoding = 4; lastKnownFileType = text; path = config.ru; sourceTree = "<group>"; };
		5929E14713245CEB00B81D2E /* swift.php */ = {isa = PBXFileReference; fileEncoding = 4; lastKnownFileType = text.script.php; path = swift.php; sourceTree = "<group>"; };
		5929E15B1324616E00B81D2E /* openheatmap.php */ = {isa = PBXFileReference; fileEncoding = 4; lastKnownFileType = text.script.php; path = openheatmap.php; sourceTree = "<group>"; };
		5929E17713246D9400B81D2E /* jumbo.py */ = {isa = PBXFileReference; fileEncoding = 4; lastKnownFileType = text.script.python; path = jumbo.py; sourceTree = "<group>"; };
		5929E1A11324993400B81D2E /* geodict_daemon.rb */ = {isa = PBXFileReference; fileEncoding = 4; lastKnownFileType = text.script.ruby; path = geodict_daemon.rb; sourceTree = "<group>"; };
		5929E1E5132576FA00B81D2E /* readme.asciidoc */ = {isa = PBXFileReference; fileEncoding = 4; lastKnownFileType = text; path = readme.asciidoc; sourceTree = "<group>"; wrapsLines = 1; };
		5929E1EA13258B3700B81D2E /* main.css */ = {isa = PBXFileReference; fileEncoding = 4; lastKnownFileType = text.css; path = main.css; sourceTree = "<group>"; };
		5929E1EC13258B3700B81D2E /* textlogo.png */ = {isa = PBXFileReference; lastKnownFileType = image.png; path = textlogo.png; sourceTree = "<group>"; };
		5929E1F113258C0500B81D2E /* about.haml */ = {isa = PBXFileReference; fileEncoding = 4; lastKnownFileType = text; path = about.haml; sourceTree = "<group>"; wrapsLines = 1; };
		5929E1F213258C0500B81D2E /* layout.haml */ = {isa = PBXFileReference; fileEncoding = 4; lastKnownFileType = text; path = layout.haml; sourceTree = "<group>"; };
		5929E1F313258C0500B81D2E /* welcome.haml */ = {isa = PBXFileReference; fileEncoding = 4; lastKnownFileType = text; path = welcome.haml; sourceTree = "<group>"; wrapsLines = 1; };
		5929E30C1329AD7900B81D2E /* developerdocs.haml */ = {isa = PBXFileReference; fileEncoding = 4; lastKnownFileType = text; path = developerdocs.haml; sourceTree = "<group>"; wrapsLines = 1; };
		5950FA5E14E51EA600361BF2 /* amicreation.txt */ = {isa = PBXFileReference; lastKnownFileType = text; path = amicreation.txt; sourceTree = "<group>"; };
		5950FA5F14E51EA600361BF2 /* downloadcensus.txt */ = {isa = PBXFileReference; lastKnownFileType = text; path = downloadcensus.txt; sourceTree = "<group>"; };
		5950FA6214E5254100361BF2 /* createblatofips.php */ = {isa = PBXFileReference; lastKnownFileType = text.script.php; path = createblatofips.php; sourceTree = "<group>"; };
		5950FA6314E5254100361BF2 /* unemploymenttocsv.php */ = {isa = PBXFileReference; lastKnownFileType = text.script.php; path = unemploymenttocsv.php; sourceTree = "<group>"; };
		5950FA6414E525A700361BF2 /* cliargs.php */ = {isa = PBXFileReference; lastKnownFileType = text.script.php; path = cliargs.php; sourceTree = "<group>"; };
		5950FA6514E6410900361BF2 /* loadcountyunemployment.sql */ = {isa = PBXFileReference; lastKnownFileType = text; path = loadcountyunemployment.sql; sourceTree = "<group>"; };
		5950FA6714E65BBB00361BF2 /* coordinates2politics.rb */ = {isa = PBXFileReference; lastKnownFileType = text.script.ruby; path = coordinates2politics.rb; sourceTree = "<group>"; };
		596BF3AA1340347100D42EE1 /* bug_0004.py */ = {isa = PBXFileReference; fileEncoding = 4; lastKnownFileType = text.script.python; path = bug_0004.py; sourceTree = "<group>"; };
		596BF3AB1340402600D42EE1 /* text2times.rb */ = {isa = PBXFileReference; fileEncoding = 4; lastKnownFileType = text.script.ruby; path = text2times.rb; sourceTree = "<group>"; };
		597D884E133040030042C251 /* jquery.dstk.js */ = {isa = PBXFileReference; fileEncoding = 4; lastKnownFileType = sourcecode.javascript; path = jquery.dstk.js; sourceTree = "<group>"; };
		597D884F133040030042C251 /* jquery.exptextarea.js */ = {isa = PBXFileReference; fileEncoding = 4; lastKnownFileType = sourcecode.javascript; path = jquery.exptextarea.js; sourceTree = "<group>"; };
		597D8850133040030042C251 /* jquery.min.js */ = {isa = PBXFileReference; fileEncoding = 4; lastKnownFileType = sourcecode.javascript; path = jquery.min.js; sourceTree = "<group>"; };
		597D8BAE13340F3E0042C251 /* cruftstripper.rb */ = {isa = PBXFileReference; fileEncoding = 4; lastKnownFileType = text.script.ruby; path = cruftstripper.rb; sourceTree = "<group>"; };
		597D8C90133526740042C251 /* coordinates2politics */ = {isa = PBXFileReference; fileEncoding = 4; lastKnownFileType = text.script.sh; name = coordinates2politics; path = python/coordinates2politics; sourceTree = "<group>"; };
		597D8C91133526740042C251 /* dstk.py */ = {isa = PBXFileReference; fileEncoding = 4; lastKnownFileType = text.script.python; name = dstk.py; path = python/dstk.py; sourceTree = "<group>"; };
		597D8C92133526740042C251 /* file2text */ = {isa = PBXFileReference; fileEncoding = 4; lastKnownFileType = text.script.sh; name = file2text; path = python/file2text; sourceTree = "<group>"; };
		597D8C93133526740042C251 /* html2story */ = {isa = PBXFileReference; fileEncoding = 4; lastKnownFileType = text.script.sh; name = html2story; path = python/html2story; sourceTree = "<group>"; };
		597D8C94133526740042C251 /* html2text */ = {isa = PBXFileReference; fileEncoding = 4; lastKnownFileType = text.script.sh; name = html2text; path = python/html2text; sourceTree = "<group>"; };
		597D8C95133526740042C251 /* install */ = {isa = PBXFileReference; fileEncoding = 4; lastKnownFileType = text.script.sh; name = install; path = python/install; sourceTree = "<group>"; };
		597D8C96133526740042C251 /* ip2coordinates */ = {isa = PBXFileReference; fileEncoding = 4; lastKnownFileType = text.script.sh; name = ip2coordinates; path = python/ip2coordinates; sourceTree = "<group>"; };
		597D8C97133526740042C251 /* setup.py */ = {isa = PBXFileReference; fileEncoding = 4; lastKnownFileType = text.script.python; name = setup.py; path = python/setup.py; sourceTree = "<group>"; };
		597D8C98133526740042C251 /* street2coordinates */ = {isa = PBXFileReference; fileEncoding = 4; lastKnownFileType = text.script.sh; name = street2coordinates; path = python/street2coordinates; sourceTree = "<group>"; };
		597D8C99133526740042C251 /* text2places */ = {isa = PBXFileReference; fileEncoding = 4; lastKnownFileType = text.script.sh; name = text2places; path = python/text2places; sourceTree = "<group>"; };
		597D8C9A133526740042C251 /* text2sentences */ = {isa = PBXFileReference; fileEncoding = 4; lastKnownFileType = text.script.sh; name = text2sentences; path = python/text2sentences; sourceTree = "<group>"; };
		597D8CC7133548CD0042C251 /* genderfromname.rb */ = {isa = PBXFileReference; fileEncoding = 4; lastKnownFileType = text.script.ruby; path = genderfromname.rb; sourceTree = "<group>"; };
		597D8CE2133561460042C251 /* text2people.rb */ = {isa = PBXFileReference; fileEncoding = 4; lastKnownFileType = text.script.ruby; path = text2people.rb; sourceTree = "<group>"; };
		597D8CF613357A260042C251 /* text2people */ = {isa = PBXFileReference; fileEncoding = 4; lastKnownFileType = text.script.sh; name = text2people; path = python/text2people; sourceTree = "<group>"; };
		597D8E1213367B6F0042C251 /* dstk_server.rb */ = {isa = PBXFileReference; fileEncoding = 4; lastKnownFileType = text.script.ruby; path = dstk_server.rb; sourceTree = "<group>"; };
		597D8E1313367BA40042C251 /* dstk_config.rb */ = {isa = PBXFileReference; fileEncoding = 4; lastKnownFileType = text.script.ruby; path = dstk_config.rb; sourceTree = "<group>"; };
		5981333517F89E67002C0DA8 /* twofishes.conf */ = {isa = PBXFileReference; lastKnownFileType = text; path = twofishes.conf; sourceTree = "<group>"; };
		5981340417FA1E90002C0DA8 /* twofishesd.sh */ = {isa = PBXFileReference; lastKnownFileType = text.script.sh; path = twofishesd.sh; sourceTree = "<group>"; };
		59B8B61516B48B6C00AD55FC /* vagrantsetup.txt */ = {isa = PBXFileReference; lastKnownFileType = text; path = vagrantsetup.txt; sourceTree = "<group>"; };
		59B8B61616B65D4600AD55FC /* ec2setup.txt */ = {isa = PBXFileReference; lastKnownFileType = text; path = ec2setup.txt; sourceTree = "<group>"; };
		59C2BE9713AFEE0700759133 /* test_text2places.py */ = {isa = PBXFileReference; fileEncoding = 4; lastKnownFileType = text.script.python; path = test_text2places.py; sourceTree = "<group>"; };
		59D0BE0B17247F32007AAE04 /* simplegeo2postcodes.rb */ = {isa = PBXFileReference; lastKnownFileType = text.script.ruby; path = simplegeo2postcodes.rb; sourceTree = "<group>"; };
		59D0BE0C172492E1007AAE04 /* createpostcodes.rb */ = {isa = PBXFileReference; lastKnownFileType = text.script.ruby; path = createpostcodes.rb; sourceTree = "<group>"; };
		59D0BE0D1725D935007AAE04 /* webcrawl2postcodes.rb */ = {isa = PBXFileReference; lastKnownFileType = text.script.ruby; path = webcrawl2postcodes.rb; sourceTree = "<group>"; };
		59D0BE0E1725F99B007AAE04 /* analyzepostcodes.rb */ = {isa = PBXFileReference; lastKnownFileType = text.script.ruby; path = analyzepostcodes.rb; sourceTree = "<group>"; };
		59E3237B152013E8008D2635 /* emulategoogle.rb */ = {isa = PBXFileReference; lastKnownFileType = text.script.ruby; path = emulategoogle.rb; sourceTree = "<group>"; };
		59F0A27213455C8800098746 /* test_text2times.py */ = {isa = PBXFileReference; fileEncoding = 4; lastKnownFileType = text.script.python; path = test_text2times.py; sourceTree = "<group>"; };
		59F0A27313455E6F00098746 /* text2times */ = {isa = PBXFileReference; fileEncoding = 4; lastKnownFileType = text.script.sh; name = text2times; path = python/text2times; sourceTree = "<group>"; };
		59F0A286134E961F00098746 /* loadukpostcodes.sql */ = {isa = PBXFileReference; fileEncoding = 4; lastKnownFileType = text; path = loadukpostcodes.sql; sourceTree = "<group>"; };
		59F0A2891351062800098746 /* street2coordinates.rb */ = {isa = PBXFileReference; fileEncoding = 4; lastKnownFileType = text.script.ruby; path = street2coordinates.rb; sourceTree = "<group>"; };
		59F0A29213525B4C00098746 /* test_street2coordinates.py */ = {isa = PBXFileReference; fileEncoding = 4; lastKnownFileType = text.script.python; path = test_street2coordinates.py; sourceTree = "<group>"; };
		59F0A293135265BF00098746 /* buildukindexes.sql */ = {isa = PBXFileReference; fileEncoding = 4; lastKnownFileType = text; path = buildukindexes.sql; sourceTree = "<group>"; };
		59F85DBE174DD08500DD695F /* loadnames.sql */ = {isa = PBXFileReference; lastKnownFileType = text; path = loadnames.sql; sourceTree = "<group>"; };
		59F85DC0174EF4CF00DD695F /* analyzebabynames.rb */ = {isa = PBXFileReference; lastKnownFileType = text.script.ruby; path = analyzebabynames.rb; sourceTree = "<group>"; };
/* End PBXFileReference section */

/* Begin PBXGroup section */
		591BB1841742D8C00061C1A7 /* rubygem */ = {
			isa = PBXGroup;
			children = (
				591BB1851742D8C00061C1A7 /* dstk.gemspec */,
				591BB1861742D8C00061C1A7 /* lib */,
				591BB1881742F1B60061C1A7 /* rakefile */,
				591BB1891742F1C40061C1A7 /* test */,
			);
			path = rubygem;
			sourceTree = "<group>";
		};
		591BB1861742D8C00061C1A7 /* lib */ = {
			isa = PBXGroup;
			children = (
				591BB1871742D8C00061C1A7 /* dstk.rb */,
			);
			path = lib;
			sourceTree = "<group>";
		};
		591BB1891742F1C40061C1A7 /* test */ = {
			isa = PBXGroup;
			children = (
				591BB18A1742F1C40061C1A7 /* test_dstk.rb */,
			);
			path = test;
			sourceTree = "<group>";
		};
		5929E0FE13243EA700B81D2E = {
			isa = PBXGroup;
			children = (
				5929E11B13243FBE00B81D2E /* config.ru */,
				5950FA6714E65BBB00361BF2 /* coordinates2politics.rb */,
				591BB181173ACA9C0061C1A7 /* coordinates2statistics.rb */,
				597D8BAE13340F3E0042C251 /* cruftstripper.rb */,
				59D0BE0A17247F02007AAE04 /* dataconversion */,
				5950FA5D14E51EA600361BF2 /* docs */,
				597D8E1313367BA40042C251 /* dstk_config.rb */,
				597D8E1213367B6F0042C251 /* dstk_server.rb */,
				59E3237B152013E8008D2635 /* emulategoogle.rb */,
				5929E11013243ECB00B81D2E /* Gemfile */,
				597D8CC7133548CD0042C251 /* genderfromname.rb */,
				5929E11913243F0400B81D2E /* geodict_cli.rb */,
				5929E1A11324993400B81D2E /* geodict_daemon.rb */,
				5929E11213243ECB00B81D2E /* geodict_lib.rb */,
				5929E11413243ECB00B81D2E /* gpl.txt */,
				5929E11513243ECB00B81D2E /* largetestinput.txt */,
				5900B07B17839F52009B5EC3 /* mit.txt */,
				5950FA6114E5254100361BF2 /* php */,
				5929E11613243ECB00B81D2E /* populate_database.rb */,
				5929E1E813258B3700B81D2E /* public */,
				597D8A7213314B920042C251 /* python */,
				5929E1E5132576FA00B81D2E /* readme.asciidoc */,
				591BB1841742D8C00061C1A7 /* rubygem */,
				59F0A285134E961F00098746 /* sql */,
				59F0A2891351062800098746 /* street2coordinates.rb */,
				5929E14613245CB200B81D2E /* test_suite */,
				5929E11813243ECB00B81D2E /* testinput.txt */,
				596BF3A91340347100D42EE1 /* tests */,
				597D8CE2133561460042C251 /* text2people.rb */,
				591BB17E17309BDF0061C1A7 /* text2sentiment.rb */,
				596BF3AB1340402600D42EE1 /* text2times.rb */,
				5981333517F89E67002C0DA8 /* twofishes.conf */,
				5981340417FA1E90002C0DA8 /* twofishesd.sh */,
				5929E1F013258C0500B81D2E /* views */,
			);
			sourceTree = "<group>";
		};
		5929E14613245CB200B81D2E /* test_suite */ = {
			isa = PBXGroup;
			children = (
				5929E17713246D9400B81D2E /* jumbo.py */,
				5929E15B1324616E00B81D2E /* openheatmap.php */,
				5929E14713245CEB00B81D2E /* swift.php */,
			);
			path = test_suite;
			sourceTree = "<group>";
		};
		5929E1E813258B3700B81D2E /* public */ = {
			isa = PBXGroup;
			children = (
				5929E1E913258B3700B81D2E /* css */,
				5929E1EB13258B3700B81D2E /* images */,
				5929E1ED13258B3700B81D2E /* scripts */,
			);
			path = public;
			sourceTree = "<group>";
		};
		5929E1E913258B3700B81D2E /* css */ = {
			isa = PBXGroup;
			children = (
				5929E1EA13258B3700B81D2E /* main.css */,
			);
			path = css;
			sourceTree = "<group>";
		};
		5929E1EB13258B3700B81D2E /* images */ = {
			isa = PBXGroup;
			children = (
				5929E1EC13258B3700B81D2E /* textlogo.png */,
			);
			path = images;
			sourceTree = "<group>";
		};
		5929E1ED13258B3700B81D2E /* scripts */ = {
			isa = PBXGroup;
			children = (
				597D884E133040030042C251 /* jquery.dstk.js */,
				597D884F133040030042C251 /* jquery.exptextarea.js */,
				597D8850133040030042C251 /* jquery.min.js */,
			);
			path = scripts;
			sourceTree = "<group>";
		};
		5929E1F013258C0500B81D2E /* views */ = {
			isa = PBXGroup;
			children = (
				5929E1F113258C0500B81D2E /* about.haml */,
				5929E30C1329AD7900B81D2E /* developerdocs.haml */,
				5929E1F213258C0500B81D2E /* layout.haml */,
				5929E1F313258C0500B81D2E /* welcome.haml */,
			);
			path = views;
			sourceTree = "<group>";
		};
		5950FA5D14E51EA600361BF2 /* docs */ = {
			isa = PBXGroup;
			children = (
				5950FA5E14E51EA600361BF2 /* amicreation.txt */,
				5950FA5F14E51EA600361BF2 /* downloadcensus.txt */,
				59B8B61616B65D4600AD55FC /* ec2setup.txt */,
				59B8B61516B48B6C00AD55FC /* vagrantsetup.txt */,
			);
			path = docs;
			sourceTree = "<group>";
		};
		5950FA6114E5254100361BF2 /* php */ = {
			isa = PBXGroup;
			children = (
				5950FA6414E525A700361BF2 /* cliargs.php */,
				5950FA6214E5254100361BF2 /* createblatofips.php */,
				5950FA6314E5254100361BF2 /* unemploymenttocsv.php */,
			);
			path = php;
			sourceTree = "<group>";
		};
		596BF3A91340347100D42EE1 /* tests */ = {
			isa = PBXGroup;
			children = (
				596BF3AA1340347100D42EE1 /* bug_0004.py */,
				59F0A29213525B4C00098746 /* test_street2coordinates.py */,
				59C2BE9713AFEE0700759133 /* test_text2places.py */,
				59F0A27213455C8800098746 /* test_text2times.py */,
			);
			path = tests;
			sourceTree = "<group>";
		};
		597D8A7213314B920042C251 /* python */ = {
			isa = PBXGroup;
			children = (
				597D8C90133526740042C251 /* coordinates2politics */,
				591BB1831741831B0061C1A7 /* coordinates2statistics */,
				597D8C91133526740042C251 /* dstk.py */,
				597D8C92133526740042C251 /* file2text */,
				597D8C93133526740042C251 /* html2story */,
				597D8C94133526740042C251 /* html2text */,
				597D8C95133526740042C251 /* install */,
				597D8C96133526740042C251 /* ip2coordinates */,
				597D8C97133526740042C251 /* setup.py */,
				597D8C98133526740042C251 /* street2coordinates */,
				597D8CF613357A260042C251 /* text2people */,
				597D8C99133526740042C251 /* text2places */,
				597D8C9A133526740042C251 /* text2sentences */,
				591BB18217417EA90061C1A7 /* text2sentiment */,
				59F0A27313455E6F00098746 /* text2times */,
			);
			name = python;
			sourceTree = "<group>";
		};
		59D0BE0A17247F02007AAE04 /* dataconversion */ = {
			isa = PBXGroup;
			children = (
				59F85DC0174EF4CF00DD695F /* analyzebabynames.rb */,
				59D0BE0E1725F99B007AAE04 /* analyzepostcodes.rb */,
				59D0BE0C172492E1007AAE04 /* createpostcodes.rb */,
				59D0BE0B17247F32007AAE04 /* simplegeo2postcodes.rb */,
				59D0BE0D1725D935007AAE04 /* webcrawl2postcodes.rb */,
			);
			path = dataconversion;
			sourceTree = "<group>";
		};
		59F0A285134E961F00098746 /* sql */ = {
			isa = PBXGroup;
			children = (
				59F0A293135265BF00098746 /* buildukindexes.sql */,
				5950FA6514E6410900361BF2 /* loadcountyunemployment.sql */,
				59F85DBE174DD08500DD695F /* loadnames.sql */,
				59F0A286134E961F00098746 /* loadukpostcodes.sql */,
			);
			path = sql;
			sourceTree = "<group>";
		};
/* End PBXGroup section */

/* Begin PBXProject section */
		5929E10013243EA700B81D2E /* Project object */ = {
			isa = PBXProject;
			attributes = {
			};
			buildConfigurationList = 5929E10313243EA700B81D2E /* Build configuration list for PBXProject "dstk" */;
			compatibilityVersion = "Xcode 2.4";
			developmentRegion = English;
			hasScannedForEncodings = 0;
			knownRegions = (
				English,
				Japanese,
				French,
				German,
			);
			mainGroup = 5929E0FE13243EA700B81D2E;
			projectDirPath = "";
			projectRoot = "";
			targets = (
			);
		};
/* End PBXProject section */

/* Begin XCBuildConfiguration section */
		5929E10113243EA700B81D2E /* Debug */ = {
			isa = XCBuildConfiguration;
			buildSettings = {
				COPY_PHASE_STRIP = NO;
			};
			name = Debug;
		};
		5929E10213243EA700B81D2E /* Release */ = {
			isa = XCBuildConfiguration;
			buildSettings = {
				COPY_PHASE_STRIP = YES;
			};
			name = Release;
		};
/* End XCBuildConfiguration section */

/* Begin XCConfigurationList section */
		5929E10313243EA700B81D2E /* Build configuration list for PBXProject "dstk" */ = {
			isa = XCConfigurationList;
			buildConfigurations = (
				5929E10113243EA700B81D2E /* Debug */,
				5929E10213243EA700B81D2E /* Release */,
			);
			defaultConfigurationIsVisible = 0;
			defaultConfigurationName = Release;
		};
/* End XCConfigurationList section */
	};
	rootObject = 5929E10013243EA700B81D2E /* Project object */;
}
