// !$*UTF8*$!
{
	archiveVersion = 1;
	classes = {
	};
	objectVersion = 42;
	objects = {

/* Begin PBXFileReference section */
		5929E11013243ECB00B81D2E /* Gemfile */ = {isa = PBXFileReference; fileEncoding = 4; lastKnownFileType = text; path = Gemfile; sourceTree = "<group>"; };
		5929E11213243ECB00B81D2E /* geodict_lib.rb */ = {isa = PBXFileReference; fileEncoding = 4; lastKnownFileType = text.script.ruby; path = geodict_lib.rb; sourceTree = "<group>"; };
		5929E11413243ECB00B81D2E /* gpl.txt */ = {isa = PBXFileReference; fileEncoding = 4; lastKnownFileType = text; path = gpl.txt; sourceTree = "<group>"; };
		5929E11513243ECB00B81D2E /* largetestinput.txt */ = {isa = PBXFileReference; fileEncoding = 4; lastKnownFileType = text; path = largetestinput.txt; sourceTree = "<group>"; };
		5929E11613243ECB00B81D2E /* populate_database.rb */ = {isa = PBXFileReference; fileEncoding = 4; lastKnownFileType = text.script.ruby; path = populate_database.rb; sourceTree = "<group>"; };
		5929E11813243ECB00B81D2E /* testinput.txt */ = {isa = PBXFileReference; fileEncoding = 4; lastKnownFileType = text; path = testinput.txt; sourceTree = "<group>"; };
		5929E11913243F0400B81D2E /* geodict_cli.rb */ = {isa = PBXFileReference; fileEncoding = 4; lastKnownFileType = text.script.ruby; path = geodict_cli.rb; sourceTree = "<group>"; };
		5929E11B13243FBE00B81D2E /* config.ru */ = {isa = PBXFileReference; fileEncoding = 4; lastKnownFileType = text; path = config.ru; sourceTree = "<group>"; };
		5929E14713245CEB00B81D2E /* swift.php */ = {isa = PBXFileReference; fileEncoding = 4; lastKnownFileType = text.script.php; path = swift.php; sourceTree = "<group>"; };
		5929E15B1324616E00B81D2E /* openheatmap.php */ = {isa = PBXFileReference; fileEncoding = 4; lastKnownFileType = text.script.php; path = openheatmap.php; sourceTree = "<group>"; };
		5929E17713246D9400B81D2E /* jumbo.py */ = {isa = PBXFileReference; fileEncoding = 4; lastKnownFileType = text.script.python; path = jumbo.py; sourceTree = "<group>"; };
		5929E1A11324993400B81D2E /* geodict_daemon.rb */ = {isa = PBXFileReference; fileEncoding = 4; lastKnownFileType = text.script.ruby; path = geodict_daemon.rb; sourceTree = "<group>"; };
		5929E1E5132576FA00B81D2E /* readme.asciidoc */ = {isa = PBXFileReference; fileEncoding = 4; lastKnownFileType = text; path = readme.asciidoc; sourceTree = "<group>"; wrapsLines = 1; };
		5929E1EA13258B3700B81D2E /* main.css */ = {isa = PBXFileReference; fileEncoding = 4; lastKnownFileType = text.css; path = main.css; sourceTree = "<group>"; };
		5929E1EC13258B3700B81D2E /* textlogo.png */ = {isa = PBXFileReference; lastKnownFileType = image.png; path = textlogo.png; sourceTree = "<group>"; };
		5929E1F113258C0500B81D2E /* about.haml */ = {isa = PBXFileReference; fileEncoding = 4; lastKnownFileType = text; path = about.haml; sourceTree = "<group>"; wrapsLines = 1; };
		5929E1F213258C0500B81D2E /* layout.haml */ = {isa = PBXFileReference; fileEncoding = 4; lastKnownFileType = text; path = layout.haml; sourceTree = "<group>"; };
		5929E1F313258C0500B81D2E /* welcome.haml */ = {isa = PBXFileReference; fileEncoding = 4; lastKnownFileType = text; path = welcome.haml; sourceTree = "<group>"; wrapsLines = 1; };
		5929E30C1329AD7900B81D2E /* developerdocs.haml */ = {isa = PBXFileReference; fileEncoding = 4; lastKnownFileType = text; path = developerdocs.haml; sourceTree = "<group>"; wrapsLines = 1; };
		596BF3AA1340347100D42EE1 /* bug_0004.py */ = {isa = PBXFileReference; fileEncoding = 4; lastKnownFileType = text.script.python; path = bug_0004.py; sourceTree = "<group>"; };
		596BF3AB1340402600D42EE1 /* text2times.rb */ = {isa = PBXFileReference; fileEncoding = 4; lastKnownFileType = text.script.ruby; path = text2times.rb; sourceTree = "<group>"; };
		597D884E133040030042C251 /* jquery.dstk.js */ = {isa = PBXFileReference; fileEncoding = 4; lastKnownFileType = sourcecode.javascript; path = jquery.dstk.js; sourceTree = "<group>"; };
		597D884F133040030042C251 /* jquery.exptextarea.js */ = {isa = PBXFileReference; fileEncoding = 4; lastKnownFileType = sourcecode.javascript; path = jquery.exptextarea.js; sourceTree = "<group>"; };
		597D8850133040030042C251 /* jquery.min.js */ = {isa = PBXFileReference; fileEncoding = 4; lastKnownFileType = sourcecode.javascript; path = jquery.min.js; sourceTree = "<group>"; };
		597D8BAE13340F3E0042C251 /* cruftstripper.rb */ = {isa = PBXFileReference; fileEncoding = 4; lastKnownFileType = text.script.ruby; path = cruftstripper.rb; sourceTree = "<group>"; };
		597D8C90133526740042C251 /* coordinates2politics */ = {isa = PBXFileReference; fileEncoding = 4; lastKnownFileType = text.script.sh; name = coordinates2politics; path = python/coordinates2politics; sourceTree = "<group>"; };
		597D8C91133526740042C251 /* dstk.py */ = {isa = PBXFileReference; fileEncoding = 4; lastKnownFileType = text.script.python; name = dstk.py; path = python/dstk.py; sourceTree = "<group>"; };
		597D8C92133526740042C251 /* file2text */ = {isa = PBXFileReference; fileEncoding = 4; lastKnownFileType = text.script.sh; name = file2text; path = python/file2text; sourceTree = "<group>"; };
		597D8C93133526740042C251 /* html2story */ = {isa = PBXFileReference; fileEncoding = 4; lastKnownFileType = text.script.sh; name = html2story; path = python/html2story; sourceTree = "<group>"; };
		597D8C94133526740042C251 /* html2text */ = {isa = PBXFileReference; fileEncoding = 4; lastKnownFileType = text.script.sh; name = html2text; path = python/html2text; sourceTree = "<group>"; };
		597D8C95133526740042C251 /* install */ = {isa = PBXFileReference; fileEncoding = 4; lastKnownFileType = text.script.sh; name = install; path = python/install; sourceTree = "<group>"; };
		597D8C96133526740042C251 /* ip2coordinates */ = {isa = PBXFileReference; fileEncoding = 4; lastKnownFileType = text.script.sh; name = ip2coordinates; path = python/ip2coordinates; sourceTree = "<group>"; };
		597D8C97133526740042C251 /* setup.py */ = {isa = PBXFileReference; fileEncoding = 4; lastKnownFileType = text.script.python; name = setup.py; path = python/setup.py; sourceTree = "<group>"; };
		597D8C98133526740042C251 /* street2coordinates */ = {isa = PBXFileReference; fileEncoding = 4; lastKnownFileType = text.script.sh; name = street2coordinates; path = python/street2coordinates; sourceTree = "<group>"; };
		597D8C99133526740042C251 /* text2places */ = {isa = PBXFileReference; fileEncoding = 4; lastKnownFileType = text.script.sh; name = text2places; path = python/text2places; sourceTree = "<group>"; };
		597D8C9A133526740042C251 /* text2sentences */ = {isa = PBXFileReference; fileEncoding = 4; lastKnownFileType = text.script.sh; name = text2sentences; path = python/text2sentences; sourceTree = "<group>"; };
		597D8CC7133548CD0042C251 /* genderfromname.rb */ = {isa = PBXFileReference; fileEncoding = 4; lastKnownFileType = text.script.ruby; path = genderfromname.rb; sourceTree = "<group>"; };
		597D8CE2133561460042C251 /* text2people.rb */ = {isa = PBXFileReference; fileEncoding = 4; lastKnownFileType = text.script.ruby; path = text2people.rb; sourceTree = "<group>"; };
		597D8CF613357A260042C251 /* text2people */ = {isa = PBXFileReference; fileEncoding = 4; lastKnownFileType = text.script.sh; name = text2people; path = python/text2people; sourceTree = "<group>"; };
		597D8E1213367B6F0042C251 /* dstk_server.rb */ = {isa = PBXFileReference; fileEncoding = 4; lastKnownFileType = text.script.ruby; path = dstk_server.rb; sourceTree = "<group>"; };
		597D8E1313367BA40042C251 /* dstk_config.rb */ = {isa = PBXFileReference; fileEncoding = 4; lastKnownFileType = text.script.ruby; path = dstk_config.rb; sourceTree = "<group>"; };
		59F0A27213455C8800098746 /* test_text2times.py */ = {isa = PBXFileReference; fileEncoding = 4; lastKnownFileType = text.script.python; path = test_text2times.py; sourceTree = "<group>"; };
		59F0A27313455E6F00098746 /* text2times */ = {isa = PBXFileReference; fileEncoding = 4; lastKnownFileType = text.script.sh; name = text2times; path = python/text2times; sourceTree = "<group>"; };
		59F0A286134E961F00098746 /* loadukpostcodes.sql */ = {isa = PBXFileReference; fileEncoding = 4; lastKnownFileType = text; path = loadukpostcodes.sql; sourceTree = "<group>"; };
		59F0A2891351062800098746 /* street2coordinates.rb */ = {isa = PBXFileReference; fileEncoding = 4; lastKnownFileType = text.script.ruby; path = street2coordinates.rb; sourceTree = "<group>"; };
/* End PBXFileReference section */

/* Begin PBXGroup section */
		5929E0FE13243EA700B81D2E = {
			isa = PBXGroup;
			children = (
				5929E11B13243FBE00B81D2E /* config.ru */,
				597D8BAE13340F3E0042C251 /* cruftstripper.rb */,
				597D8E1313367BA40042C251 /* dstk_config.rb */,
				597D8E1213367B6F0042C251 /* dstk_server.rb */,
				5929E11013243ECB00B81D2E /* Gemfile */,
				597D8CC7133548CD0042C251 /* genderfromname.rb */,
				5929E11913243F0400B81D2E /* geodict_cli.rb */,
				5929E1A11324993400B81D2E /* geodict_daemon.rb */,
				5929E11213243ECB00B81D2E /* geodict_lib.rb */,
				5929E11413243ECB00B81D2E /* gpl.txt */,
				5929E11513243ECB00B81D2E /* largetestinput.txt */,
				5929E11613243ECB00B81D2E /* populate_database.rb */,
				5929E1E813258B3700B81D2E /* public */,
				597D8A7213314B920042C251 /* python */,
				5929E1E5132576FA00B81D2E /* readme.asciidoc */,
				59F0A285134E961F00098746 /* sql */,
				59F0A2891351062800098746 /* street2coordinates.rb */,
				5929E14613245CB200B81D2E /* test_suite */,
				5929E11813243ECB00B81D2E /* testinput.txt */,
				596BF3A91340347100D42EE1 /* tests */,
				597D8CE2133561460042C251 /* text2people.rb */,
				596BF3AB1340402600D42EE1 /* text2times.rb */,
				5929E1F013258C0500B81D2E /* views */,
			);
			sourceTree = "<group>";
		};
		5929E14613245CB200B81D2E /* test_suite */ = {
			isa = PBXGroup;
			children = (
				5929E17713246D9400B81D2E /* jumbo.py */,
				5929E15B1324616E00B81D2E /* openheatmap.php */,
				5929E14713245CEB00B81D2E /* swift.php */,
			);
			path = test_suite;
			sourceTree = "<group>";
		};
		5929E1E813258B3700B81D2E /* public */ = {
			isa = PBXGroup;
			children = (
				5929E1E913258B3700B81D2E /* css */,
				5929E1EB13258B3700B81D2E /* images */,
				5929E1ED13258B3700B81D2E /* scripts */,
			);
			path = public;
			sourceTree = "<group>";
		};
		5929E1E913258B3700B81D2E /* css */ = {
			isa = PBXGroup;
			children = (
				5929E1EA13258B3700B81D2E /* main.css */,
			);
			path = css;
			sourceTree = "<group>";
		};
		5929E1EB13258B3700B81D2E /* images */ = {
			isa = PBXGroup;
			children = (
				5929E1EC13258B3700B81D2E /* textlogo.png */,
			);
			path = images;
			sourceTree = "<group>";
		};
		5929E1ED13258B3700B81D2E /* scripts */ = {
			isa = PBXGroup;
			children = (
				597D884E133040030042C251 /* jquery.dstk.js */,
				597D884F133040030042C251 /* jquery.exptextarea.js */,
				597D8850133040030042C251 /* jquery.min.js */,
			);
			path = scripts;
			sourceTree = "<group>";
		};
		5929E1F013258C0500B81D2E /* views */ = {
			isa = PBXGroup;
			children = (
				5929E1F113258C0500B81D2E /* about.haml */,
				5929E30C1329AD7900B81D2E /* developerdocs.haml */,
				5929E1F213258C0500B81D2E /* layout.haml */,
				5929E1F313258C0500B81D2E /* welcome.haml */,
			);
			path = views;
			sourceTree = "<group>";
		};
		596BF3A91340347100D42EE1 /* tests */ = {
			isa = PBXGroup;
			children = (
				596BF3AA1340347100D42EE1 /* bug_0004.py */,
				59F0A27213455C8800098746 /* test_text2times.py */,
			);
			path = tests;
			sourceTree = "<group>";
		};
		597D8A7213314B920042C251 /* python */ = {
			isa = PBXGroup;
			children = (
				597D8C90133526740042C251 /* coordinates2politics */,
				597D8C91133526740042C251 /* dstk.py */,
				597D8C92133526740042C251 /* file2text */,
				597D8C93133526740042C251 /* html2story */,
				597D8C94133526740042C251 /* html2text */,
				597D8C95133526740042C251 /* install */,
				597D8C96133526740042C251 /* ip2coordinates */,
				597D8C97133526740042C251 /* setup.py */,
				597D8C98133526740042C251 /* street2coordinates */,
				597D8CF613357A260042C251 /* text2people */,
				597D8C99133526740042C251 /* text2places */,
				597D8C9A133526740042C251 /* text2sentences */,
				59F0A27313455E6F00098746 /* text2times */,
			);
			name = python;
			sourceTree = "<group>";
		};
		59F0A285134E961F00098746 /* sql */ = {
			isa = PBXGroup;
			children = (
				59F0A286134E961F00098746 /* loadukpostcodes.sql */,
			);
			path = sql;
			sourceTree = "<group>";
		};
/* End PBXGroup section */

/* Begin PBXProject section */
		5929E10013243EA700B81D2E /* Project object */ = {
			isa = PBXProject;
			buildConfigurationList = 5929E10313243EA700B81D2E /* Build configuration list for PBXProject "dstk" */;
			compatibilityVersion = "Xcode 2.4";
			developmentRegion = English;
			hasScannedForEncodings = 0;
			knownRegions = (
				English,
				Japanese,
				French,
				German,
			);
			mainGroup = 5929E0FE13243EA700B81D2E;
			projectDirPath = "";
			projectRoot = "";
			targets = (
			);
		};
/* End PBXProject section */

/* Begin XCBuildConfiguration section */
		5929E10113243EA700B81D2E /* Debug */ = {
			isa = XCBuildConfiguration;
			buildSettings = {
				COPY_PHASE_STRIP = NO;
			};
			name = Debug;
		};
		5929E10213243EA700B81D2E /* Release */ = {
			isa = XCBuildConfiguration;
			buildSettings = {
				COPY_PHASE_STRIP = YES;
			};
			name = Release;
		};
/* End XCBuildConfiguration section */

/* Begin XCConfigurationList section */
		5929E10313243EA700B81D2E /* Build configuration list for PBXProject "dstk" */ = {
			isa = XCConfigurationList;
			buildConfigurations = (
				5929E10113243EA700B81D2E /* Debug */,
				5929E10213243EA700B81D2E /* Release */,
			);
			defaultConfigurationIsVisible = 0;
			defaultConfigurationName = Release;
		};
/* End XCConfigurationList section */
	};
	rootObject = 5929E10013243EA700B81D2E /* Project object */;
}
